// !$*UTF8*$!
{
	archiveVersion = 1;
	classes = {
	};
	objectVersion = 46;
	objects = {

/* Begin PBXBuildFile section */
		4F2CD0151BC1EC890011801F /* AppDelegate.swift in Sources */ = {isa = PBXBuildFile; fileRef = 4F2CD0141BC1EC890011801F /* AppDelegate.swift */; };
		4F2CD0171BC1EC890011801F /* ViewController.swift in Sources */ = {isa = PBXBuildFile; fileRef = 4F2CD0161BC1EC890011801F /* ViewController.swift */; };
		4F2CD01A1BC1EC890011801F /* Main.storyboard in Resources */ = {isa = PBXBuildFile; fileRef = 4F2CD0181BC1EC890011801F /* Main.storyboard */; };
		4F2CD01C1BC1EC890011801F /* Assets.xcassets in Resources */ = {isa = PBXBuildFile; fileRef = 4F2CD01B1BC1EC890011801F /* Assets.xcassets */; };
		4F2CD01F1BC1EC890011801F /* LaunchScreen.storyboard in Resources */ = {isa = PBXBuildFile; fileRef = 4F2CD01D1BC1EC890011801F /* LaunchScreen.storyboard */; };
		4F2CD02A1BC1EC8A0011801F /* Week3_MailboxTests.swift in Sources */ = {isa = PBXBuildFile; fileRef = 4F2CD0291BC1EC8A0011801F /* Week3_MailboxTests.swift */; };
		4F2CD0351BC1EC8A0011801F /* Week3_MailboxUITests.swift in Sources */ = {isa = PBXBuildFile; fileRef = 4F2CD0341BC1EC8A0011801F /* Week3_MailboxUITests.swift */; };
		4F2CD0431BC1EE500011801F /* MailboxViewController.swift in Sources */ = {isa = PBXBuildFile; fileRef = 4F2CD0421BC1EE500011801F /* MailboxViewController.swift */; settings = {ASSET_TAGS = (); }; };
		4F2CD0451BC354890011801F /* Common.swift in Sources */ = {isa = PBXBuildFile; fileRef = 4F2CD0441BC354890011801F /* Common.swift */; settings = {ASSET_TAGS = (); }; };
/* End PBXBuildFile section */

/* Begin PBXContainerItemProxy section */
		4F2CD0261BC1EC8A0011801F /* PBXContainerItemProxy */ = {
			isa = PBXContainerItemProxy;
			containerPortal = 4F2CD0091BC1EC890011801F /* Project object */;
			proxyType = 1;
			remoteGlobalIDString = 4F2CD0101BC1EC890011801F;
			remoteInfo = Week3_Mailbox;
		};
		4F2CD0311BC1EC8A0011801F /* PBXContainerItemProxy */ = {
			isa = PBXContainerItemProxy;
			containerPortal = 4F2CD0091BC1EC890011801F /* Project object */;
			proxyType = 1;
			remoteGlobalIDString = 4F2CD0101BC1EC890011801F;
			remoteInfo = Week3_Mailbox;
		};
/* End PBXContainerItemProxy section */

/* Begin PBXFileReference section */
		4F2CD0111BC1EC890011801F /* Week3_Mailbox.app */ = {isa = PBXFileReference; explicitFileType = wrapper.application; includeInIndex = 0; path = Week3_Mailbox.app; sourceTree = BUILT_PRODUCTS_DIR; };
		4F2CD0141BC1EC890011801F /* AppDelegate.swift */ = {isa = PBXFileReference; lastKnownFileType = sourcecode.swift; path = AppDelegate.swift; sourceTree = "<group>"; };
		4F2CD0161BC1EC890011801F /* ViewController.swift */ = {isa = PBXFileReference; lastKnownFileType = sourcecode.swift; path = ViewController.swift; sourceTree = "<group>"; };
		4F2CD0191BC1EC890011801F /* Base */ = {isa = PBXFileReference; lastKnownFileType = file.storyboard; name = Base; path = Base.lproj/Main.storyboard; sourceTree = "<group>"; };
		4F2CD01B1BC1EC890011801F /* Assets.xcassets */ = {isa = PBXFileReference; lastKnownFileType = folder.assetcatalog; path = Assets.xcassets; sourceTree = "<group>"; };
		4F2CD01E1BC1EC890011801F /* Base */ = {isa = PBXFileReference; lastKnownFileType = file.storyboard; name = Base; path = Base.lproj/LaunchScreen.storyboard; sourceTree = "<group>"; };
		4F2CD0201BC1EC890011801F /* Info.plist */ = {isa = PBXFileReference; lastKnownFileType = text.plist.xml; path = Info.plist; sourceTree = "<group>"; };
		4F2CD0251BC1EC8A0011801F /* Week3_MailboxTests.xctest */ = {isa = PBXFileReference; explicitFileType = wrapper.cfbundle; includeInIndex = 0; path = Week3_MailboxTests.xctest; sourceTree = BUILT_PRODUCTS_DIR; };
		4F2CD0291BC1EC8A0011801F /* Week3_MailboxTests.swift */ = {isa = PBXFileReference; lastKnownFileType = sourcecode.swift; path = Week3_MailboxTests.swift; sourceTree = "<group>"; };
		4F2CD02B1BC1EC8A0011801F /* Info.plist */ = {isa = PBXFileReference; lastKnownFileType = text.plist.xml; path = Info.plist; sourceTree = "<group>"; };
		4F2CD0301BC1EC8A0011801F /* Week3_MailboxUITests.xctest */ = {isa = PBXFileReference; explicitFileType = wrapper.cfbundle; includeInIndex = 0; path = Week3_MailboxUITests.xctest; sourceTree = BUILT_PRODUCTS_DIR; };
		4F2CD0341BC1EC8A0011801F /* Week3_MailboxUITests.swift */ = {isa = PBXFileReference; lastKnownFileType = sourcecode.swift; path = Week3_MailboxUITests.swift; sourceTree = "<group>"; };
		4F2CD0361BC1EC8A0011801F /* Info.plist */ = {isa = PBXFileReference; lastKnownFileType = text.plist.xml; path = Info.plist; sourceTree = "<group>"; };
		4F2CD0421BC1EE500011801F /* MailboxViewController.swift */ = {isa = PBXFileReference; fileEncoding = 4; lastKnownFileType = sourcecode.swift; path = MailboxViewController.swift; sourceTree = "<group>"; };
		4F2CD0441BC354890011801F /* Common.swift */ = {isa = PBXFileReference; fileEncoding = 4; lastKnownFileType = sourcecode.swift; path = Common.swift; sourceTree = "<group>"; };
/* End PBXFileReference section */

/* Begin PBXFrameworksBuildPhase section */
		4F2CD00E1BC1EC890011801F /* Frameworks */ = {
			isa = PBXFrameworksBuildPhase;
			buildActionMask = 2147483647;
			files = (
			);
			runOnlyForDeploymentPostprocessing = 0;
		};
		4F2CD0221BC1EC8A0011801F /* Frameworks */ = {
			isa = PBXFrameworksBuildPhase;
			buildActionMask = 2147483647;
			files = (
			);
			runOnlyForDeploymentPostprocessing = 0;
		};
		4F2CD02D1BC1EC8A0011801F /* Frameworks */ = {
			isa = PBXFrameworksBuildPhase;
			buildActionMask = 2147483647;
			files = (
			);
			runOnlyForDeploymentPostprocessing = 0;
		};
/* End PBXFrameworksBuildPhase section */

/* Begin PBXGroup section */
		4F2CD0081BC1EC890011801F = {
			isa = PBXGroup;
			children = (
				4F2CD0131BC1EC890011801F /* Week3_Mailbox */,
				4F2CD0281BC1EC8A0011801F /* Week3_MailboxTests */,
				4F2CD0331BC1EC8A0011801F /* Week3_MailboxUITests */,
				4F2CD0121BC1EC890011801F /* Products */,
			);
			sourceTree = "<group>";
		};
		4F2CD0121BC1EC890011801F /* Products */ = {
			isa = PBXGroup;
			children = (
				4F2CD0111BC1EC890011801F /* Week3_Mailbox.app */,
				4F2CD0251BC1EC8A0011801F /* Week3_MailboxTests.xctest */,
				4F2CD0301BC1EC8A0011801F /* Week3_MailboxUITests.xctest */,
			);
			name = Products;
			sourceTree = "<group>";
		};
		4F2CD0131BC1EC890011801F /* Week3_Mailbox */ = {
			isa = PBXGroup;
			children = (
				4F2CD0141BC1EC890011801F /* AppDelegate.swift */,
				4F2CD0161BC1EC890011801F /* ViewController.swift */,
				4F2CD0181BC1EC890011801F /* Main.storyboard */,
				4F2CD0421BC1EE500011801F /* MailboxViewController.swift */,
				4F2CD0441BC354890011801F /* Common.swift */,
				4F2CD01B1BC1EC890011801F /* Assets.xcassets */,
				4F2CD01D1BC1EC890011801F /* LaunchScreen.storyboard */,
				4F2CD0201BC1EC890011801F /* Info.plist */,
			);
			path = Week3_Mailbox;
			sourceTree = "<group>";
		};
		4F2CD0281BC1EC8A0011801F /* Week3_MailboxTests */ = {
			isa = PBXGroup;
			children = (
				4F2CD0291BC1EC8A0011801F /* Week3_MailboxTests.swift */,
				4F2CD02B1BC1EC8A0011801F /* Info.plist */,
			);
			path = Week3_MailboxTests;
			sourceTree = "<group>";
		};
		4F2CD0331BC1EC8A0011801F /* Week3_MailboxUITests */ = {
			isa = PBXGroup;
			children = (
				4F2CD0341BC1EC8A0011801F /* Week3_MailboxUITests.swift */,
				4F2CD0361BC1EC8A0011801F /* Info.plist */,
			);
			path = Week3_MailboxUITests;
			sourceTree = "<group>";
		};
/* End PBXGroup section */

/* Begin PBXNativeTarget section */
		4F2CD0101BC1EC890011801F /* Week3_Mailbox */ = {
			isa = PBXNativeTarget;
			buildConfigurationList = 4F2CD0391BC1EC8A0011801F /* Build configuration list for PBXNativeTarget "Week3_Mailbox" */;
			buildPhases = (
				4F2CD00D1BC1EC890011801F /* Sources */,
				4F2CD00E1BC1EC890011801F /* Frameworks */,
				4F2CD00F1BC1EC890011801F /* Resources */,
			);
			buildRules = (
			);
			dependencies = (
			);
			name = Week3_Mailbox;
			productName = Week3_Mailbox;
			productReference = 4F2CD0111BC1EC890011801F /* Week3_Mailbox.app */;
			productType = "com.apple.product-type.application";
		};
		4F2CD0241BC1EC8A0011801F /* Week3_MailboxTests */ = {
			isa = PBXNativeTarget;
			buildConfigurationList = 4F2CD03C1BC1EC8A0011801F /* Build configuration list for PBXNativeTarget "Week3_MailboxTests" */;
			buildPhases = (
				4F2CD0211BC1EC8A0011801F /* Sources */,
				4F2CD0221BC1EC8A0011801F /* Frameworks */,
				4F2CD0231BC1EC8A0011801F /* Resources */,
			);
			buildRules = (
			);
			dependencies = (
				4F2CD0271BC1EC8A0011801F /* PBXTargetDependency */,
			);
			name = Week3_MailboxTests;
			productName = Week3_MailboxTests;
			productReference = 4F2CD0251BC1EC8A0011801F /* Week3_MailboxTests.xctest */;
			productType = "com.apple.product-type.bundle.unit-test";
		};
		4F2CD02F1BC1EC8A0011801F /* Week3_MailboxUITests */ = {
			isa = PBXNativeTarget;
			buildConfigurationList = 4F2CD03F1BC1EC8A0011801F /* Build configuration list for PBXNativeTarget "Week3_MailboxUITests" */;
			buildPhases = (
				4F2CD02C1BC1EC8A0011801F /* Sources */,
				4F2CD02D1BC1EC8A0011801F /* Frameworks */,
				4F2CD02E1BC1EC8A0011801F /* Resources */,
			);
			buildRules = (
			);
			dependencies = (
				4F2CD0321BC1EC8A0011801F /* PBXTargetDependency */,
			);
			name = Week3_MailboxUITests;
			productName = Week3_MailboxUITests;
			productReference = 4F2CD0301BC1EC8A0011801F /* Week3_MailboxUITests.xctest */;
			productType = "com.apple.product-type.bundle.ui-testing";
		};
/* End PBXNativeTarget section */

/* Begin PBXProject section */
		4F2CD0091BC1EC890011801F /* Project object */ = {
			isa = PBXProject;
			attributes = {
				LastUpgradeCheck = 0700;
				ORGANIZATIONNAME = "Noah Batterson";
				TargetAttributes = {
					4F2CD0101BC1EC890011801F = {
						CreatedOnToolsVersion = 7.0.1;
					};
					4F2CD0241BC1EC8A0011801F = {
						CreatedOnToolsVersion = 7.0.1;
						TestTargetID = 4F2CD0101BC1EC890011801F;
					};
					4F2CD02F1BC1EC8A0011801F = {
						CreatedOnToolsVersion = 7.0.1;
						TestTargetID = 4F2CD0101BC1EC890011801F;
					};
				};
			};
			buildConfigurationList = 4F2CD00C1BC1EC890011801F /* Build configuration list for PBXProject "Week3_Mailbox" */;
			compatibilityVersion = "Xcode 3.2";
			developmentRegion = English;
			hasScannedForEncodings = 0;
			knownRegions = (
				en,
				Base,
			);
			mainGroup = 4F2CD0081BC1EC890011801F;
			productRefGroup = 4F2CD0121BC1EC890011801F /* Products */;
			projectDirPath = "";
			projectRoot = "";
			targets = (
				4F2CD0101BC1EC890011801F /* Week3_Mailbox */,
				4F2CD0241BC1EC8A0011801F /* Week3_MailboxTests */,
				4F2CD02F1BC1EC8A0011801F /* Week3_MailboxUITests */,
			);
		};
/* End PBXProject section */

/* Begin PBXResourcesBuildPhase section */
		4F2CD00F1BC1EC890011801F /* Resources */ = {
			isa = PBXResourcesBuildPhase;
			buildActionMask = 2147483647;
			files = (
				4F2CD01F1BC1EC890011801F /* LaunchScreen.storyboard in Resources */,
				4F2CD01C1BC1EC890011801F /* Assets.xcassets in Resources */,
				4F2CD01A1BC1EC890011801F /* Main.storyboard in Resources */,
			);
			runOnlyForDeploymentPostprocessing = 0;
		};
		4F2CD0231BC1EC8A0011801F /* Resources */ = {
			isa = PBXResourcesBuildPhase;
			buildActionMask = 2147483647;
			files = (
			);
			runOnlyForDeploymentPostprocessing = 0;
		};
		4F2CD02E1BC1EC8A0011801F /* Resources */ = {
			isa = PBXResourcesBuildPhase;
			buildActionMask = 2147483647;
			files = (
			);
			runOnlyForDeploymentPostprocessing = 0;
		};
/* End PBXResourcesBuildPhase section */

/* Begin PBXSourcesBuildPhase section */
		4F2CD00D1BC1EC890011801F /* Sources */ = {
			isa = PBXSourcesBuildPhase;
			buildActionMask = 2147483647;
			files = (
				4F2CD0451BC354890011801F /* Common.swift in Sources */,
				4F2CD0171BC1EC890011801F /* ViewController.swift in Sources */,
				4F2CD0151BC1EC890011801F /* AppDelegate.swift in Sources */,
				4F2CD0431BC1EE500011801F /* MailboxViewController.swift in Sources */,
			);
			runOnlyForDeploymentPostprocessing = 0;
		};
		4F2CD0211BC1EC8A0011801F /* Sources */ = {
			isa = PBXSourcesBuildPhase;
			buildActionMask = 2147483647;
			files = (
				4F2CD02A1BC1EC8A0011801F /* Week3_MailboxTests.swift in Sources */,
			);
			runOnlyForDeploymentPostprocessing = 0;
		};
		4F2CD02C1BC1EC8A0011801F /* Sources */ = {
			isa = PBXSourcesBuildPhase;
			buildActionMask = 2147483647;
			files = (
				4F2CD0351BC1EC8A0011801F /* Week3_MailboxUITests.swift in Sources */,
			);
			runOnlyForDeploymentPostprocessing = 0;
		};
/* End PBXSourcesBuildPhase section */

/* Begin PBXTargetDependency section */
		4F2CD0271BC1EC8A0011801F /* PBXTargetDependency */ = {
			isa = PBXTargetDependency;
			target = 4F2CD0101BC1EC890011801F /* Week3_Mailbox */;
			targetProxy = 4F2CD0261BC1EC8A0011801F /* PBXContainerItemProxy */;
		};
		4F2CD0321BC1EC8A0011801F /* PBXTargetDependency */ = {
			isa = PBXTargetDependency;
			target = 4F2CD0101BC1EC890011801F /* Week3_Mailbox */;
			targetProxy = 4F2CD0311BC1EC8A0011801F /* PBXContainerItemProxy */;
		};
/* End PBXTargetDependency section */

/* Begin PBXVariantGroup section */
		4F2CD0181BC1EC890011801F /* Main.storyboard */ = {
			isa = PBXVariantGroup;
			children = (
				4F2CD0191BC1EC890011801F /* Base */,
			);
			name = Main.storyboard;
			sourceTree = "<group>";
		};
		4F2CD01D1BC1EC890011801F /* LaunchScreen.storyboard */ = {
			isa = PBXVariantGroup;
			children = (
				4F2CD01E1BC1EC890011801F /* Base */,
			);
			name = LaunchScreen.storyboard;
			sourceTree = "<group>";
		};
/* End PBXVariantGroup section */

/* Begin XCBuildConfiguration section */
		4F2CD0371BC1EC8A0011801F /* Debug */ = {
			isa = XCBuildConfiguration;
			buildSettings = {
				ALWAYS_SEARCH_USER_PATHS = NO;
				CLANG_CXX_LANGUAGE_STANDARD = "gnu++0x";
				CLANG_CXX_LIBRARY = "libc++";
				CLANG_ENABLE_MODULES = YES;
				CLANG_ENABLE_OBJC_ARC = YES;
				CLANG_WARN_BOOL_CONVERSION = YES;
				CLANG_WARN_CONSTANT_CONVERSION = YES;
				CLANG_WARN_DIRECT_OBJC_ISA_USAGE = YES_ERROR;
				CLANG_WARN_EMPTY_BODY = YES;
				CLANG_WARN_ENUM_CONVERSION = YES;
				CLANG_WARN_INT_CONVERSION = YES;
				CLANG_WARN_OBJC_ROOT_CLASS = YES_ERROR;
				CLANG_WARN_UNREACHABLE_CODE = YES;
				CLANG_WARN__DUPLICATE_METHOD_MATCH = YES;
				"CODE_SIGN_IDENTITY[sdk=iphoneos*]" = "iPhone Developer";
				COPY_PHASE_STRIP = NO;
				DEBUG_INFORMATION_FORMAT = dwarf;
				ENABLE_STRICT_OBJC_MSGSEND = YES;
				ENABLE_TESTABILITY = YES;
				GCC_C_LANGUAGE_STANDARD = gnu99;
				GCC_DYNAMIC_NO_PIC = NO;
				GCC_NO_COMMON_BLOCKS = YES;
				GCC_OPTIMIZATION_LEVEL = 0;
				GCC_PREPROCESSOR_DEFINITIONS = (
					"DEBUG=1",
					"$(inherited)",
				);
				GCC_WARN_64_TO_32_BIT_CONVERSION = YES;
				GCC_WARN_ABOUT_RETURN_TYPE = YES_ERROR;
				GCC_WARN_UNDECLARED_SELECTOR = YES;
				GCC_WARN_UNINITIALIZED_AUTOS = YES_AGGRESSIVE;
				GCC_WARN_UNUSED_FUNCTION = YES;
				GCC_WARN_UNUSED_VARIABLE = YES;
				IPHONEOS_DEPLOYMENT_TARGET = 9.0;
				MTL_ENABLE_DEBUG_INFO = YES;
				ONLY_ACTIVE_ARCH = YES;
				SDKROOT = iphoneos;
				SWIFT_OPTIMIZATION_LEVEL = "-Onone";
			};
			name = Debug;
		};
		4F2CD0381BC1EC8A0011801F /* Release */ = {
			isa = XCBuildConfiguration;
			buildSettings = {
				ALWAYS_SEARCH_USER_PATHS = NO;
				CLANG_CXX_LANGUAGE_STANDARD = "gnu++0x";
				CLANG_CXX_LIBRARY = "libc++";
				CLANG_ENABLE_MODULES = YES;
				CLANG_ENABLE_OBJC_ARC = YES;
				CLANG_WARN_BOOL_CONVERSION = YES;
				CLANG_WARN_CONSTANT_CONVERSION = YES;
				CLANG_WARN_DIRECT_OBJC_ISA_USAGE = YES_ERROR;
				CLANG_WARN_EMPTY_BODY = YES;
				CLANG_WARN_ENUM_CONVERSION = YES;
				CLANG_WARN_INT_CONVERSION = YES;
				CLANG_WARN_OBJC_ROOT_CLASS = YES_ERROR;
				CLANG_WARN_UNREACHABLE_CODE = YES;
				CLANG_WARN__DUPLICATE_METHOD_MATCH = YES;
				"CODE_SIGN_IDENTITY[sdk=iphoneos*]" = "iPhone Developer";
				COPY_PHASE_STRIP = NO;
				DEBUG_INFORMATION_FORMAT = "dwarf-with-dsym";
				ENABLE_NS_ASSERTIONS = NO;
				ENABLE_STRICT_OBJC_MSGSEND = YES;
				GCC_C_LANGUAGE_STANDARD = gnu99;
				GCC_NO_COMMON_BLOCKS = YES;
				GCC_WARN_64_TO_32_BIT_CONVERSION = YES;
				GCC_WARN_ABOUT_RETURN_TYPE = YES_ERROR;
				GCC_WARN_UNDECLARED_SELECTOR = YES;
				GCC_WARN_UNINITIALIZED_AUTOS = YES_AGGRESSIVE;
				GCC_WARN_UNUSED_FUNCTION = YES;
				GCC_WARN_UNUSED_VARIABLE = YES;
				IPHONEOS_DEPLOYMENT_TARGET = 9.0;
				MTL_ENABLE_DEBUG_INFO = NO;
				SDKROOT = iphoneos;
				VALIDATE_PRODUCT = YES;
			};
			name = Release;
		};
		4F2CD03A1BC1EC8A0011801F /* Debug */ = {
			isa = XCBuildConfiguration;
			buildSettings = {
				ASSETCATALOG_COMPILER_APPICON_NAME = AppIcon;
				INFOPLIST_FILE = Week3_Mailbox/Info.plist;
				LD_RUNPATH_SEARCH_PATHS = "$(inherited) @executable_path/Frameworks";
				PRODUCT_BUNDLE_IDENTIFIER = "com.noahbatterson.Week3-Mailbox";
				PRODUCT_NAME = "$(TARGET_NAME)";
			};
			name = Debug;
		};
		4F2CD03B1BC1EC8A0011801F /* Release */ = {
			isa = XCBuildConfiguration;
			buildSettings = {
				ASSETCATALOG_COMPILER_APPICON_NAME = AppIcon;
				INFOPLIST_FILE = Week3_Mailbox/Info.plist;
				LD_RUNPATH_SEARCH_PATHS = "$(inherited) @executable_path/Frameworks";
				PRODUCT_BUNDLE_IDENTIFIER = "com.noahbatterson.Week3-Mailbox";
				PRODUCT_NAME = "$(TARGET_NAME)";
			};
			name = Release;
		};
		4F2CD03D1BC1EC8A0011801F /* Debug */ = {
			isa = XCBuildConfiguration;
			buildSettings = {
				BUNDLE_LOADER = "$(TEST_HOST)";
				INFOPLIST_FILE = Week3_MailboxTests/Info.plist;
				LD_RUNPATH_SEARCH_PATHS = "$(inherited) @executable_path/Frameworks @loader_path/Frameworks";
				PRODUCT_BUNDLE_IDENTIFIER = "com.noahbatterson.Week3-MailboxTests";
				PRODUCT_NAME = "$(TARGET_NAME)";
				TEST_HOST = "$(BUILT_PRODUCTS_DIR)/Week3_Mailbox.app/Week3_Mailbox";
			};
			name = Debug;
		};
		4F2CD03E1BC1EC8A0011801F /* Release */ = {
			isa = XCBuildConfiguration;
			buildSettings = {
				BUNDLE_LOADER = "$(TEST_HOST)";
				INFOPLIST_FILE = Week3_MailboxTests/Info.plist;
				LD_RUNPATH_SEARCH_PATHS = "$(inherited) @executable_path/Frameworks @loader_path/Frameworks";
				PRODUCT_BUNDLE_IDENTIFIER = "com.noahbatterson.Week3-MailboxTests";
				PRODUCT_NAME = "$(TARGET_NAME)";
				TEST_HOST = "$(BUILT_PRODUCTS_DIR)/Week3_Mailbox.app/Week3_Mailbox";
			};
			name = Release;
		};
		4F2CD0401BC1EC8A0011801F /* Debug */ = {
			isa = XCBuildConfiguration;
			buildSettings = {
				INFOPLIST_FILE = Week3_MailboxUITests/Info.plist;
				LD_RUNPATH_SEARCH_PATHS = "$(inherited) @executable_path/Frameworks @loader_path/Frameworks";
				PRODUCT_BUNDLE_IDENTIFIER = "com.noahbatterson.Week3-MailboxUITests";
				PRODUCT_NAME = "$(TARGET_NAME)";
				TEST_TARGET_NAME = Week3_Mailbox;
				USES_XCTRUNNER = YES;
			};
			name = Debug;
		};
		4F2CD0411BC1EC8A0011801F /* Release */ = {
			isa = XCBuildConfiguration;
			buildSettings = {
				INFOPLIST_FILE = Week3_MailboxUITests/Info.plist;
				LD_RUNPATH_SEARCH_PATHS = "$(inherited) @executable_path/Frameworks @loader_path/Frameworks";
				PRODUCT_BUNDLE_IDENTIFIER = "com.noahbatterson.Week3-MailboxUITests";
				PRODUCT_NAME = "$(TARGET_NAME)";
				TEST_TARGET_NAME = Week3_Mailbox;
				USES_XCTRUNNER = YES;
			};
			name = Release;
		};
/* End XCBuildConfiguration section */

/* Begin XCConfigurationList section */
		4F2CD00C1BC1EC890011801F /* Build configuration list for PBXProject "Week3_Mailbox" */ = {
			isa = XCConfigurationList;
			buildConfigurations = (
				4F2CD0371BC1EC8A0011801F /* Debug */,
				4F2CD0381BC1EC8A0011801F /* Release */,
			);
			defaultConfigurationIsVisible = 0;
			defaultConfigurationName = Release;
		};
		4F2CD0391BC1EC8A0011801F /* Build configuration list for PBXNativeTarget "Week3_Mailbox" */ = {
			isa = XCConfigurationList;
			buildConfigurations = (
				4F2CD03A1BC1EC8A0011801F /* Debug */,
				4F2CD03B1BC1EC8A0011801F /* Release */,
			);
			defaultConfigurationIsVisible = 0;
		};
		4F2CD03C1BC1EC8A0011801F /* Build configuration list for PBXNativeTarget "Week3_MailboxTests" */ = {
			isa = XCConfigurationList;
			buildConfigurations = (
				4F2CD03D1BC1EC8A0011801F /* Debug */,
				4F2CD03E1BC1EC8A0011801F /* Release */,
			);
			defaultConfigurationIsVisible = 0;
		};
		4F2CD03F1BC1EC8A0011801F /* Build configuration list for PBXNativeTarget "Week3_MailboxUITests" */ = {
			isa = XCConfigurationList;
			buildConfigurations = (
				4F2CD0401BC1EC8A0011801F /* Debug */,
				4F2CD0411BC1EC8A0011801F /* Release */,
			);
			defaultConfigurationIsVisible = 0;
		};
/* End XCConfigurationList section */
	};
	rootObject = 4F2CD0091BC1EC890011801F /* Project object */;
}
